
Microsoft Visual Studio Solution File, Format Version 12.00
Project("{FAE04EC0-301F-11D3-BF4B-00C04F79EFBC}") = "Uritmix.Api", "Uritmix.Api\Uritmix.Api.csproj", "{FC0D203F-2A7B-452A-ADCC-20A29B19BE8D}"
EndProject
Project("{2150E333-8FDC-42A3-9474-1A3956D46DE8}") = "Helpers", "Helpers", "{22F5ABD7-6BD2-4B44-AAD0-1D274C08E72A}"
EndProject
Project("{FAE04EC0-301F-11D3-BF4B-00C04F79EFBC}") = "Helpers.Core", "Helpers\Helpers.Core\Helpers.Core.csproj", "{13722EE8-E9B0-4661-8858-D370AC970489}"
EndProject
Project("{FAE04EC0-301F-11D3-BF4B-00C04F79EFBC}") = "Helpers.WebApi", "Helpers\Helpers.WebApi\Helpers.WebApi.csproj", "{2CC3579B-E314-4593-B9B3-AB5FAEDD1A9E}"
EndProject
Project("{FAE04EC0-301F-11D3-BF4B-00C04F79EFBC}") = "Helpers.Mapping", "Helpers\Helpers.Mapping\Helpers.Mapping.csproj", "{4F3097E4-8C47-4F0B-9A30-96F2649CAE65}"
EndProject
Project("{FAE04EC0-301F-11D3-BF4B-00C04F79EFBC}") = "Helpers.Pagination", "Helpers\Helpers.Pagination\Helpers.Pagination.csproj", "{E1A45B59-9140-47D7-B235-BA3FAA2DEFA3}"
EndProject
Project("{FAE04EC0-301F-11D3-BF4B-00C04F79EFBC}") = "Helpers.DataAccess", "Helpers\Helpers.DataAccess\Helpers.DataAccess.csproj", "{1FB6DBDC-81D2-46E6-B615-22F40AA80485}"
EndProject
Project("{FAE04EC0-301F-11D3-BF4B-00C04F79EFBC}") = "Helpers.DataAccess.Relational", "Helpers\Helpers.DataAccess.Relational\Helpers.DataAccess.Relational.csproj", "{D3AFD220-43AC-4F77-8013-9B7995CFB737}"
EndProject
Project("{FAE04EC0-301F-11D3-BF4B-00C04F79EFBC}") = "DataAccess.Relational", "DataAccess.Relational\DataAccess.Relational.csproj", "{857416A1-956B-476B-A7AB-5FA1D79B236B}"
EndProject
Project("{FAE04EC0-301F-11D3-BF4B-00C04F79EFBC}") = "DataAccess", "DataAccess\DataAccess.csproj", "{8A35E831-F567-4E97-A837-9C63FABD967C}"
EndProject
Project("{FAE04EC0-301F-11D3-BF4B-00C04F79EFBC}") = "View", "View\View.csproj", "{293782A8-0DDA-417C-B221-DA19AB017921}"
EndProject
Project("{FAE04EC0-301F-11D3-BF4B-00C04F79EFBC}") = "Model", "Model\Model.csproj", "{8247F17A-6C17-4AA0-8923-8BC614B0751A}"
EndProject
Project("{FAE04EC0-301F-11D3-BF4B-00C04F79EFBC}") = "Mapping", "Mapping\Mapping.csproj", "{93451C22-4796-4CD2-BC0E-BD20228420DF}"
EndProject
Project("{FAE04EC0-301F-11D3-BF4B-00C04F79EFBC}") = "Command", "Command\Command.csproj", "{CD6CF9DA-3B31-4246-9B8D-11FD229716D0}"
EndProject
Project("{FAE04EC0-301F-11D3-BF4B-00C04F79EFBC}") = "Helpers.Security", "Helpers\Helpers.Security\Helpers.Security.csproj", "{CF36A3E8-B967-4394-96BB-8A52E21AB457}"
EndProject
Project("{FAE04EC0-301F-11D3-BF4B-00C04F79EFBC}") = "Service", "Service\Service.csproj", "{2F5606B9-5091-48F7-9676-6351CC7DA399}"
EndProject
Project("{FAE04EC0-301F-11D3-BF4B-00C04F79EFBC}") = "Helpers.Migrations", "Helpers\Helpers.Migrations\Helpers.Migrations.csproj", "{84EE2A54-8D28-47FC-A29B-F326293B553E}"
EndProject
Project("{FAE04EC0-301F-11D3-BF4B-00C04F79EFBC}") = "Migrations", "Migrations\Migrations.csproj", "{F469AA2A-FEB8-44FE-899F-C5445D37A5BE}"
EndProject
Project("{FAE04EC0-301F-11D3-BF4B-00C04F79EFBC}") = "Mapping.Enum", "Mapping.Enum\Mapping.Enum.csproj", "{89B892A7-2511-47D5-945C-6C7C0B4B0107}"
EndProject
Global
	GlobalSection(SolutionConfigurationPlatforms) = preSolution
		Debug|Any CPU = Debug|Any CPU
		Release|Any CPU = Release|Any CPU
	EndGlobalSection
	GlobalSection(ProjectConfigurationPlatforms) = postSolution
		{FC0D203F-2A7B-452A-ADCC-20A29B19BE8D}.Debug|Any CPU.ActiveCfg = Debug|Any CPU
		{FC0D203F-2A7B-452A-ADCC-20A29B19BE8D}.Debug|Any CPU.Build.0 = Debug|Any CPU
		{FC0D203F-2A7B-452A-ADCC-20A29B19BE8D}.Release|Any CPU.ActiveCfg = Release|Any CPU
		{FC0D203F-2A7B-452A-ADCC-20A29B19BE8D}.Release|Any CPU.Build.0 = Release|Any CPU
		{13722EE8-E9B0-4661-8858-D370AC970489}.Debug|Any CPU.ActiveCfg = Debug|Any CPU
		{13722EE8-E9B0-4661-8858-D370AC970489}.Debug|Any CPU.Build.0 = Debug|Any CPU
		{13722EE8-E9B0-4661-8858-D370AC970489}.Release|Any CPU.ActiveCfg = Release|Any CPU
		{13722EE8-E9B0-4661-8858-D370AC970489}.Release|Any CPU.Build.0 = Release|Any CPU
		{2CC3579B-E314-4593-B9B3-AB5FAEDD1A9E}.Debug|Any CPU.ActiveCfg = Debug|Any CPU
		{2CC3579B-E314-4593-B9B3-AB5FAEDD1A9E}.Debug|Any CPU.Build.0 = Debug|Any CPU
		{2CC3579B-E314-4593-B9B3-AB5FAEDD1A9E}.Release|Any CPU.ActiveCfg = Release|Any CPU
		{2CC3579B-E314-4593-B9B3-AB5FAEDD1A9E}.Release|Any CPU.Build.0 = Release|Any CPU
		{4F3097E4-8C47-4F0B-9A30-96F2649CAE65}.Debug|Any CPU.ActiveCfg = Debug|Any CPU
		{4F3097E4-8C47-4F0B-9A30-96F2649CAE65}.Debug|Any CPU.Build.0 = Debug|Any CPU
		{4F3097E4-8C47-4F0B-9A30-96F2649CAE65}.Release|Any CPU.ActiveCfg = Release|Any CPU
		{4F3097E4-8C47-4F0B-9A30-96F2649CAE65}.Release|Any CPU.Build.0 = Release|Any CPU
		{E1A45B59-9140-47D7-B235-BA3FAA2DEFA3}.Debug|Any CPU.ActiveCfg = Debug|Any CPU
		{E1A45B59-9140-47D7-B235-BA3FAA2DEFA3}.Debug|Any CPU.Build.0 = Debug|Any CPU
		{E1A45B59-9140-47D7-B235-BA3FAA2DEFA3}.Release|Any CPU.ActiveCfg = Release|Any CPU
		{E1A45B59-9140-47D7-B235-BA3FAA2DEFA3}.Release|Any CPU.Build.0 = Release|Any CPU
		{1FB6DBDC-81D2-46E6-B615-22F40AA80485}.Debug|Any CPU.ActiveCfg = Debug|Any CPU
		{1FB6DBDC-81D2-46E6-B615-22F40AA80485}.Debug|Any CPU.Build.0 = Debug|Any CPU
		{1FB6DBDC-81D2-46E6-B615-22F40AA80485}.Release|Any CPU.ActiveCfg = Release|Any CPU
		{1FB6DBDC-81D2-46E6-B615-22F40AA80485}.Release|Any CPU.Build.0 = Release|Any CPU
		{D3AFD220-43AC-4F77-8013-9B7995CFB737}.Debug|Any CPU.ActiveCfg = Debug|Any CPU
		{D3AFD220-43AC-4F77-8013-9B7995CFB737}.Debug|Any CPU.Build.0 = Debug|Any CPU
		{D3AFD220-43AC-4F77-8013-9B7995CFB737}.Release|Any CPU.ActiveCfg = Release|Any CPU
		{D3AFD220-43AC-4F77-8013-9B7995CFB737}.Release|Any CPU.Build.0 = Release|Any CPU
		{857416A1-956B-476B-A7AB-5FA1D79B236B}.Debug|Any CPU.ActiveCfg = Debug|Any CPU
		{857416A1-956B-476B-A7AB-5FA1D79B236B}.Debug|Any CPU.Build.0 = Debug|Any CPU
		{857416A1-956B-476B-A7AB-5FA1D79B236B}.Release|Any CPU.ActiveCfg = Release|Any CPU
		{857416A1-956B-476B-A7AB-5FA1D79B236B}.Release|Any CPU.Build.0 = Release|Any CPU
		{8A35E831-F567-4E97-A837-9C63FABD967C}.Debug|Any CPU.ActiveCfg = Debug|Any CPU
		{8A35E831-F567-4E97-A837-9C63FABD967C}.Debug|Any CPU.Build.0 = Debug|Any CPU
		{8A35E831-F567-4E97-A837-9C63FABD967C}.Release|Any CPU.ActiveCfg = Release|Any CPU
		{8A35E831-F567-4E97-A837-9C63FABD967C}.Release|Any CPU.Build.0 = Release|Any CPU
		{293782A8-0DDA-417C-B221-DA19AB017921}.Debug|Any CPU.ActiveCfg = Debug|Any CPU
		{293782A8-0DDA-417C-B221-DA19AB017921}.Debug|Any CPU.Build.0 = Debug|Any CPU
		{293782A8-0DDA-417C-B221-DA19AB017921}.Release|Any CPU.ActiveCfg = Release|Any CPU
		{293782A8-0DDA-417C-B221-DA19AB017921}.Release|Any CPU.Build.0 = Release|Any CPU
		{8247F17A-6C17-4AA0-8923-8BC614B0751A}.Debug|Any CPU.ActiveCfg = Debug|Any CPU
		{8247F17A-6C17-4AA0-8923-8BC614B0751A}.Debug|Any CPU.Build.0 = Debug|Any CPU
		{8247F17A-6C17-4AA0-8923-8BC614B0751A}.Release|Any CPU.ActiveCfg = Release|Any CPU
		{8247F17A-6C17-4AA0-8923-8BC614B0751A}.Release|Any CPU.Build.0 = Release|Any CPU
		{93451C22-4796-4CD2-BC0E-BD20228420DF}.Debug|Any CPU.ActiveCfg = Debug|Any CPU
		{93451C22-4796-4CD2-BC0E-BD20228420DF}.Debug|Any CPU.Build.0 = Debug|Any CPU
		{93451C22-4796-4CD2-BC0E-BD20228420DF}.Release|Any CPU.ActiveCfg = Release|Any CPU
		{93451C22-4796-4CD2-BC0E-BD20228420DF}.Release|Any CPU.Build.0 = Release|Any CPU
		{CD6CF9DA-3B31-4246-9B8D-11FD229716D0}.Debug|Any CPU.ActiveCfg = Debug|Any CPU
		{CD6CF9DA-3B31-4246-9B8D-11FD229716D0}.Debug|Any CPU.Build.0 = Debug|Any CPU
		{CD6CF9DA-3B31-4246-9B8D-11FD229716D0}.Release|Any CPU.ActiveCfg = Release|Any CPU
		{CD6CF9DA-3B31-4246-9B8D-11FD229716D0}.Release|Any CPU.Build.0 = Release|Any CPU
		{CF36A3E8-B967-4394-96BB-8A52E21AB457}.Debug|Any CPU.ActiveCfg = Debug|Any CPU
		{CF36A3E8-B967-4394-96BB-8A52E21AB457}.Debug|Any CPU.Build.0 = Debug|Any CPU
		{CF36A3E8-B967-4394-96BB-8A52E21AB457}.Release|Any CPU.ActiveCfg = Release|Any CPU
		{CF36A3E8-B967-4394-96BB-8A52E21AB457}.Release|Any CPU.Build.0 = Release|Any CPU
		{2F5606B9-5091-48F7-9676-6351CC7DA399}.Debug|Any CPU.ActiveCfg = Debug|Any CPU
		{2F5606B9-5091-48F7-9676-6351CC7DA399}.Debug|Any CPU.Build.0 = Debug|Any CPU
		{2F5606B9-5091-48F7-9676-6351CC7DA399}.Release|Any CPU.ActiveCfg = Release|Any CPU
		{2F5606B9-5091-48F7-9676-6351CC7DA399}.Release|Any CPU.Build.0 = Release|Any CPU
		{84EE2A54-8D28-47FC-A29B-F326293B553E}.Debug|Any CPU.ActiveCfg = Debug|Any CPU
		{84EE2A54-8D28-47FC-A29B-F326293B553E}.Debug|Any CPU.Build.0 = Debug|Any CPU
		{84EE2A54-8D28-47FC-A29B-F326293B553E}.Release|Any CPU.ActiveCfg = Release|Any CPU
		{84EE2A54-8D28-47FC-A29B-F326293B553E}.Release|Any CPU.Build.0 = Release|Any CPU
		{F469AA2A-FEB8-44FE-899F-C5445D37A5BE}.Debug|Any CPU.ActiveCfg = Debug|Any CPU
		{F469AA2A-FEB8-44FE-899F-C5445D37A5BE}.Debug|Any CPU.Build.0 = Debug|Any CPU
		{F469AA2A-FEB8-44FE-899F-C5445D37A5BE}.Release|Any CPU.ActiveCfg = Release|Any CPU
		{F469AA2A-FEB8-44FE-899F-C5445D37A5BE}.Release|Any CPU.Build.0 = Release|Any CPU
		{89B892A7-2511-47D5-945C-6C7C0B4B0107}.Debug|Any CPU.ActiveCfg = Debug|Any CPU
		{89B892A7-2511-47D5-945C-6C7C0B4B0107}.Debug|Any CPU.Build.0 = Debug|Any CPU
		{89B892A7-2511-47D5-945C-6C7C0B4B0107}.Release|Any CPU.ActiveCfg = Release|Any CPU
		{89B892A7-2511-47D5-945C-6C7C0B4B0107}.Release|Any CPU.Build.0 = Release|Any CPU
	EndGlobalSection
	GlobalSection(NestedProjects) = preSolution
		{13722EE8-E9B0-4661-8858-D370AC970489} = {22F5ABD7-6BD2-4B44-AAD0-1D274C08E72A}
		{2CC3579B-E314-4593-B9B3-AB5FAEDD1A9E} = {22F5ABD7-6BD2-4B44-AAD0-1D274C08E72A}
		{4F3097E4-8C47-4F0B-9A30-96F2649CAE65} = {22F5ABD7-6BD2-4B44-AAD0-1D274C08E72A}
		{E1A45B59-9140-47D7-B235-BA3FAA2DEFA3} = {22F5ABD7-6BD2-4B44-AAD0-1D274C08E72A}
		{1FB6DBDC-81D2-46E6-B615-22F40AA80485} = {22F5ABD7-6BD2-4B44-AAD0-1D274C08E72A}
		{D3AFD220-43AC-4F77-8013-9B7995CFB737} = {22F5ABD7-6BD2-4B44-AAD0-1D274C08E72A}
		{CF36A3E8-B967-4394-96BB-8A52E21AB457} = {22F5ABD7-6BD2-4B44-AAD0-1D274C08E72A}
		{84EE2A54-8D28-47FC-A29B-F326293B553E} = {22F5ABD7-6BD2-4B44-AAD0-1D274C08E72A}
	EndGlobalSection
EndGlobal
